# THIS IS AN AUTOGENERATED FILE. DO NOT EDIT THIS FILE DIRECTLY.
# yarn lockfile v1


"@ckb-lumos/base@0.17.0-rc9":
  version "0.17.0-rc9"
  resolved "https://registry.yarnpkg.com/@ckb-lumos/base/-/base-0.17.0-rc9.tgz#3ee4f63713fd26682f0fa0ec880b85ed010c4642"
  integrity sha512-r57fDCOfjJD/oh8NKDg5L97zDsO1nNOipCA2koQW7dpL96SIPVo2aYK/iANM6LZW9lty1zrqVZU+GyZM4ow4hw==
  dependencies:
    "@ckb-lumos/bi" "^0.17.0-rc8"
    "@ckb-lumos/toolkit" "0.17.0-rc9"
    "@types/lodash.isequal" "^4.5.5"
    blake2b "^2.1.3"
    js-xxhash "^1.0.4"
    lodash.isequal "^4.5.0"

"@ckb-lumos/bi@^0.17.0-rc8":
  version "0.17.0-rc8"
  resolved "https://registry.yarnpkg.com/@ckb-lumos/bi/-/bi-0.17.0-rc8.tgz#0d6273aa111f3013f2076118af94aefcf0eb36fd"
  integrity sha512-ZHH+EydVmkVm2cw9Ytys0u5qN8M4mE+EwcVWZnrJ5PXrsOiS+jRlHCj6vrf546Sn/uBwQ6s3NZ3VhTzGN/nubw==
  dependencies:
    jsbi "^4.1.0"

"@ckb-lumos/ckb-indexer@0.17.0-rc9":
  version "0.17.0-rc9"
  resolved "https://registry.yarnpkg.com/@ckb-lumos/ckb-indexer/-/ckb-indexer-0.17.0-rc9.tgz#9020642baaf0150fb0955c249c7192f1d50b4971"
  integrity sha512-bVGqiblprtm4/5x2Crlzz2eNXSE8ISz2M/JkWH7Fyg6OtT7T0eqSWasyB7Gv8aXH1GRV0CrVXFAtl4AknShT1Q==
  dependencies:
    "@ckb-lumos/base" "0.17.0-rc9"
    "@ckb-lumos/bi" "^0.17.0-rc8"
    "@ckb-lumos/rpc" "0.17.0-rc9"
    "@ckb-lumos/toolkit" "0.17.0-rc9"
    cross-fetch "^3.1.4"
    events "^3.3.0"

"@ckb-lumos/common-scripts@0.17.0-rc9":
  version "0.17.0-rc9"
  resolved "https://registry.yarnpkg.com/@ckb-lumos/common-scripts/-/common-scripts-0.17.0-rc9.tgz#d30ccc02fa37c66fd2e60aa85e42020604628ad0"
  integrity sha512-tAMw1/wyV7RJ9Db+quLyg7PQuzdBBLDN56QVDOe7aM2yTPbPxvmcgE4b71jXcRQFMbYA2RwI33z+hUdQV1SjQA==
  dependencies:
    "@ckb-lumos/base" "0.17.0-rc9"
    "@ckb-lumos/bi" "^0.17.0-rc8"
    "@ckb-lumos/config-manager" "0.17.0-rc9"
    "@ckb-lumos/helpers" "0.17.0-rc9"
    "@ckb-lumos/rpc" "0.17.0-rc9"
    "@ckb-lumos/toolkit" "0.17.0-rc9"
    immutable "^4.0.0-rc.12"

"@ckb-lumos/config-manager@0.17.0-rc9":
  version "0.17.0-rc9"
  resolved "https://registry.yarnpkg.com/@ckb-lumos/config-manager/-/config-manager-0.17.0-rc9.tgz#9456c3cf7e99f71addd0ade6cc84dca3ddf374b3"
  integrity sha512-V6YSk6c1XU4M+4WUoZzdYCtyblAMPuTyO4d6mbmkuAS3f49XId81YKB6YmQ6Xltj/LoxTEl0w+Zkz0ojZVxz1w==
  dependencies:
    "@ckb-lumos/base" "0.17.0-rc9"
    "@ckb-lumos/bi" "^0.17.0-rc8"
    "@types/deep-freeze-strict" "^1.1.0"
    deep-freeze-strict "^1.1.1"

"@ckb-lumos/hd@0.17.0-rc9":
  version "0.17.0-rc9"
  resolved "https://registry.yarnpkg.com/@ckb-lumos/hd/-/hd-0.17.0-rc9.tgz#d237c8c86131c98d176dad1ca2edfccef7250404"
  integrity sha512-zGxqu7+NON6EZm4z0rafhJPU4IvtLu1LbTx8UB/AIzn7o0K2c0ZN/xsSTHQoH5RkXCEp4QRH9pl/z9kBJgn3iw==
  dependencies:
    "@ckb-lumos/base" "0.17.0-rc9"
    "@ckb-lumos/bi" "^0.17.0-rc8"
    bn.js "^5.1.3"
    elliptic "^6.5.4"
    sha3 "^2.1.3"
    uuid "^8.3.0"

"@ckb-lumos/helpers@0.17.0-rc9":
  version "0.17.0-rc9"
  resolved "https://registry.yarnpkg.com/@ckb-lumos/helpers/-/helpers-0.17.0-rc9.tgz#25f57e422dfaaf16958bc37e0242036787e6f068"
  integrity sha512-5BuJZVn/UBMqEW26TKj3hpOnqDjFFaKpdENDbtxt2tmdC+IzXLJVKXqXJd6uNzkF6rkTwyyLqV8GZbVR0aIV7w==
  dependencies:
    "@ckb-lumos/base" "0.17.0-rc9"
    "@ckb-lumos/bi" "^0.17.0-rc8"
    "@ckb-lumos/config-manager" "0.17.0-rc9"
    "@ckb-lumos/toolkit" "0.17.0-rc9"
    bech32 "^2.0.0"
    immutable "^4.0.0-rc.12"

"@ckb-lumos/lumos@^0.17.0-rc9":
  version "0.17.0-rc9"
  resolved "https://registry.yarnpkg.com/@ckb-lumos/lumos/-/lumos-0.17.0-rc9.tgz#e599310da7adfc5e01c6f80df6e377114d61d3cd"
  integrity sha512-3TIkHPbTz51k+aDRBqrRExAEghrQmdi1WOWXN+pSxKxOxH8L6b++JFhNeCHmI5YJSZKZCEGMH44uuG6zUAKjmg==
  dependencies:
    "@ckb-lumos/base" "0.17.0-rc9"
    "@ckb-lumos/bi" "^0.17.0-rc8"
    "@ckb-lumos/ckb-indexer" "0.17.0-rc9"
    "@ckb-lumos/common-scripts" "0.17.0-rc9"
    "@ckb-lumos/config-manager" "0.17.0-rc9"
    "@ckb-lumos/hd" "0.17.0-rc9"
    "@ckb-lumos/helpers" "0.17.0-rc9"
    "@ckb-lumos/rpc" "0.17.0-rc9"
    "@ckb-lumos/toolkit" "0.17.0-rc9"

"@ckb-lumos/rpc@0.17.0-rc9":
  version "0.17.0-rc9"
  resolved "https://registry.yarnpkg.com/@ckb-lumos/rpc/-/rpc-0.17.0-rc9.tgz#992c86a2bd7f4625c455482814f856fe6d5e8dae"
  integrity sha512-Fn844B+om2x08ttxnQgoj0T8V40hM8phZzqw/wypSejUCXEPbzVdJmYNwnswHyWNFygWTIicNplj29jBEzZiVg==
  dependencies:
    "@ckb-lumos/base" "0.17.0-rc9"
    "@ckb-lumos/bi" "^0.17.0-rc8"
    "@ckb-lumos/toolkit" "0.17.0-rc9"

"@ckb-lumos/toolkit@0.17.0-rc9":
  version "0.17.0-rc9"
  resolved "https://registry.yarnpkg.com/@ckb-lumos/toolkit/-/toolkit-0.17.0-rc9.tgz#8484d5eb7ef00053f9f061749d6a452ea70157ff"
  integrity sha512-ZT/fL1Wp6R/1iBvfx1iWKbdMsr67PsE/U0eWh55zvp9bDjRXsBuM0F7d3PVyBTKZjnIkn/FLwo5+tmaLTaGrjg==

"@types/deep-freeze-strict@^1.1.0":
  version "1.1.0"
  resolved "https://registry.yarnpkg.com/@types/deep-freeze-strict/-/deep-freeze-strict-1.1.0.tgz#447a6a2576191344aa42310131dd3df5c41492c4"
  integrity sha1-RHpqJXYZE0SqQjEBMd099cQUksQ=

"@types/lodash.isequal@^4.5.5":
  version "4.5.5"
  resolved "https://registry.yarnpkg.com/@types/lodash.isequal/-/lodash.isequal-4.5.5.tgz#4fed1b1b00bef79e305de0352d797e9bb816c8ff"
  integrity sha512-4IKbinG7MGP131wRfceK6W4E/Qt3qssEFLF30LnJbjYiSfHGGRU/Io8YxXrZX109ir+iDETC8hw8QsDijukUVg==
  dependencies:
    "@types/lodash" "*"

"@types/lodash@*":
  version "4.14.181"
  resolved "https://registry.yarnpkg.com/@types/lodash/-/lodash-4.14.181.tgz#d1d3740c379fda17ab175165ba04e2d03389385d"
  integrity sha512-n3tyKthHJbkiWhDZs3DkhkCzt2MexYHXlX0td5iMplyfwketaOeKboEVBqzceH7juqvEg3q5oUoBFxSLu7zFag==

b4a@^1.0.1:
  version "1.3.1"
  resolved "https://registry.yarnpkg.com/b4a/-/b4a-1.3.1.tgz#5ead1402bd4a2dcfea35cc83928815d53315ff32"
  integrity sha512-ULHjbJGjZcdA5bugDNAAcMA6GWXX/9N10I6AQc14TH+Sr7bMfT+NHuJnOFGPJWLtzYa6Tz+PnFD2D/1bISLLZQ==

base64-js@^1.3.1:
  version "1.5.1"
  resolved "https://registry.yarnpkg.com/base64-js/-/base64-js-1.5.1.tgz#1b1b440160a5bf7ad40b650f095963481903930a"
  integrity sha512-AKpaYlHn8t4SVbOHCy+b5+KKgvR4vrsD8vbvrbiQJps7fKDTkjkDry6ji0rUJjC0kzbNePLwzxq8iypo41qeWA==

bech32@^2.0.0:
  version "2.0.0"
  resolved "https://registry.yarnpkg.com/bech32/-/bech32-2.0.0.tgz#078d3686535075c8c79709f054b1b226a133b355"
  integrity sha512-LcknSilhIGatDAsY1ak2I8VtGaHNhgMSYVxFrGLXv+xLHytaKZKcaUJJUE7qmBr7h33o5YQwP55pMI0xmkpJwg==

blake2b-wasm@^2.4.0:
  version "2.4.0"
  resolved "https://registry.yarnpkg.com/blake2b-wasm/-/blake2b-wasm-2.4.0.tgz#9115649111edbbd87eb24ce7c04b427e4e2be5be"
  integrity sha512-S1kwmW2ZhZFFFOghcx73+ZajEfKBqhP82JMssxtLVMxlaPea1p9uoLiUZ5WYyHn0KddwbLc+0vh4wR0KBNoT5w==
  dependencies:
    b4a "^1.0.1"
    nanoassert "^2.0.0"

blake2b@^2.1.3:
  version "2.1.4"
  resolved "https://registry.yarnpkg.com/blake2b/-/blake2b-2.1.4.tgz#817d278526ddb4cd673bfb1af16d1ad61e393ba3"
  integrity sha512-AyBuuJNI64gIvwx13qiICz6H6hpmjvYS5DGkG6jbXMOT8Z3WUJ3V1X0FlhIoT1b/5JtHE3ki+xjtMvu1nn+t9A==
  dependencies:
    blake2b-wasm "^2.4.0"
    nanoassert "^2.0.0"

bn.js@^4.11.9:
  version "4.12.0"
  resolved "https://registry.yarnpkg.com/bn.js/-/bn.js-4.12.0.tgz#775b3f278efbb9718eec7361f483fb36fbbfea88"
  integrity sha512-c98Bf3tPniI+scsdk237ku1Dc3ujXQTSgyiPUDEOe7tRkhrqridvh8klBv0HCEso1OLOYcHuCv/cS6DNxKH+ZA==

bn.js@^5.1.3:
  version "5.2.0"
  resolved "https://registry.yarnpkg.com/bn.js/-/bn.js-5.2.0.tgz#358860674396c6997771a9d051fcc1b57d4ae002"
  integrity sha512-D7iWRBvnZE8ecXiLj/9wbxH7Tk79fAh8IHaTNq1RWRixsS02W+5qS+iE9yq6RYl0asXx5tw0bLhmT5pIfbSquw==

brorand@^1.1.0:
  version "1.1.0"
  resolved "https://registry.yarnpkg.com/brorand/-/brorand-1.1.0.tgz#12c25efe40a45e3c323eb8675a0a0ce57b22371f"
  integrity sha1-EsJe/kCkXjwyPrhnWgoM5XsiNx8=

buffer@6.0.3:
  version "6.0.3"
  resolved "https://registry.yarnpkg.com/buffer/-/buffer-6.0.3.tgz#2ace578459cc8fbe2a70aaa8f52ee63b6a74c6c6"
  integrity sha512-FTiCpNxtwiZZHEZbcbTIcZjERVICn9yq/pDFkTl95/AxzD1naBctN7YO68riM/gLSDY7sdrMby8hofADYuuqOA==
  dependencies:
    base64-js "^1.3.1"
    ieee754 "^1.2.1"

cross-fetch@^3.1.4:
  version "3.1.5"
  resolved "https://registry.yarnpkg.com/cross-fetch/-/cross-fetch-3.1.5.tgz#e1389f44d9e7ba767907f7af8454787952ab534f"
  integrity sha512-lvb1SBsI0Z7GDwmuid+mU3kWVBwTVUbe7S0H52yaaAdQOXq2YktTCZdlAcNKFzE6QtRz0snpw9bNiPeOIkkQvw==
  dependencies:
    node-fetch "2.6.7"

deep-freeze-strict@^1.1.1:
  version "1.1.1"
  resolved "https://registry.yarnpkg.com/deep-freeze-strict/-/deep-freeze-strict-1.1.1.tgz#77d0583ca24a69be4bbd9ac2fae415d55523e5b0"
  integrity sha1-d9BYPKJKab5LvZrC+uQV1VUj5bA=

elliptic@^6.5.4:
  version "6.5.4"
  resolved "https://registry.yarnpkg.com/elliptic/-/elliptic-6.5.4.tgz#da37cebd31e79a1367e941b592ed1fbebd58abbb"
  integrity sha512-iLhC6ULemrljPZb+QutR5TQGB+pdW6KGD5RSegS+8sorOZT+rdQFbsQFJgvN3eRqNALqJer4oQ16YvJHlU8hzQ==
  dependencies:
    bn.js "^4.11.9"
    brorand "^1.1.0"
    hash.js "^1.0.0"
    hmac-drbg "^1.0.1"
    inherits "^2.0.4"
    minimalistic-assert "^1.0.1"
    minimalistic-crypto-utils "^1.0.1"

events@^3.3.0:
  version "3.3.0"
  resolved "https://registry.yarnpkg.com/events/-/events-3.3.0.tgz#31a95ad0a924e2d2c419a813aeb2c4e878ea7400"
  integrity sha512-mQw+2fkQbALzQ7V0MY0IqdnXNOeTtP4r0lN9z7AAawCXgqea7bDii20AYrIBrFd/Hx0M2Ocz6S111CaFkUcb0Q==

hash.js@^1.0.0, hash.js@^1.0.3:
  version "1.1.7"
  resolved "https://registry.yarnpkg.com/hash.js/-/hash.js-1.1.7.tgz#0babca538e8d4ee4a0f8988d68866537a003cf42"
  integrity sha512-taOaskGt4z4SOANNseOviYDvjEJinIkRgmp7LbKP2YTTmVxWBl87s/uzK9r+44BclBSp2X7K1hqeNfz9JbBeXA==
  dependencies:
    inherits "^2.0.3"
    minimalistic-assert "^1.0.1"

hmac-drbg@^1.0.1:
  version "1.0.1"
  resolved "https://registry.yarnpkg.com/hmac-drbg/-/hmac-drbg-1.0.1.tgz#d2745701025a6c775a6c545793ed502fc0c649a1"
  integrity sha1-0nRXAQJabHdabFRXk+1QL8DGSaE=
  dependencies:
    hash.js "^1.0.3"
    minimalistic-assert "^1.0.0"
    minimalistic-crypto-utils "^1.0.1"

ieee754@^1.2.1:
  version "1.2.1"
  resolved "https://registry.yarnpkg.com/ieee754/-/ieee754-1.2.1.tgz#8eb7a10a63fff25d15a57b001586d177d1b0d352"
  integrity sha512-dcyqhDvX1C46lXZcVqCpK+FtMRQVdIMN6/Df5js2zouUsqG7I6sFxitIC+7KYK29KdXOLHdu9zL4sFnoVQnqaA==

immutable@^4.0.0-rc.12:
  version "4.0.0"
  resolved "https://registry.yarnpkg.com/immutable/-/immutable-4.0.0.tgz#b86f78de6adef3608395efb269a91462797e2c23"
  integrity sha512-zIE9hX70qew5qTUjSS7wi1iwj/l7+m54KWU247nhM3v806UdGj1yDndXj+IOYxxtW9zyLI+xqFNZjTuDaLUqFw==

inherits@^2.0.3, inherits@^2.0.4:
  version "2.0.4"
  resolved "https://registry.yarnpkg.com/inherits/-/inherits-2.0.4.tgz#0fa2c64f932917c3433a0ded55363aae37416b7c"
  integrity sha512-k/vGaX4/Yla3WzyMCvTQOXYeIHvqOKtnqBduzTHpzpQZzAskKMhZ2K+EnBiSM9zGSoIFeMpXKxa4dYeZIQqewQ==

js-xxhash@^1.0.4:
  version "1.0.4"
  resolved "https://registry.yarnpkg.com/js-xxhash/-/js-xxhash-1.0.4.tgz#ce465d8a5c038167a07aa35a855c0bd792fe8e06"
  integrity sha512-S/6Oo7ruxx5k8m4qlMnbpwQdJjRsvvfcIhIk1dA9c5y5GNhYHKYKu9krEK3QgBax6CxJuf4gRL2opgLkdzWIKg==

jsbi@^4.1.0:
  version "4.2.0"
  resolved "https://registry.yarnpkg.com/jsbi/-/jsbi-4.2.0.tgz#975567e0dd47fdf91bad4b5a681070d15e244b68"
  integrity sha512-JzhwPkH7Ra8O1b5uHmWxl6N8ZumqGvMXgpKcsq0/iWlnB+KkzbekCIcLl3hu3sFGTLNXAuXIqY4STtE0ZfT1zA==

lodash.isequal@^4.5.0:
  version "4.5.0"
  resolved "https://registry.yarnpkg.com/lodash.isequal/-/lodash.isequal-4.5.0.tgz#415c4478f2bcc30120c22ce10ed3226f7d3e18e0"
  integrity sha1-QVxEePK8wwEgwizhDtMib30+GOA=

minimalistic-assert@^1.0.0, minimalistic-assert@^1.0.1:
  version "1.0.1"
  resolved "https://registry.yarnpkg.com/minimalistic-assert/-/minimalistic-assert-1.0.1.tgz#2e194de044626d4a10e7f7fbc00ce73e83e4d5c7"
  integrity sha512-UtJcAD4yEaGtjPezWuO9wC4nwUnVH/8/Im3yEHQP4b67cXlD/Qr9hdITCU1xDbSEXg2XKNaP8jsReV7vQd00/A==

minimalistic-crypto-utils@^1.0.1:
  version "1.0.1"
  resolved "https://registry.yarnpkg.com/minimalistic-crypto-utils/-/minimalistic-crypto-utils-1.0.1.tgz#f6c00c1c0b082246e5c4d99dfb8c7c083b2b582a"
  integrity sha1-9sAMHAsIIkblxNmd+4x8CDsrWCo=

nanoassert@^2.0.0:
  version "2.0.0"
  resolved "https://registry.yarnpkg.com/nanoassert/-/nanoassert-2.0.0.tgz#a05f86de6c7a51618038a620f88878ed1e490c09"
  integrity sha512-7vO7n28+aYO4J+8w96AzhmU8G+Y/xpPDJz/se19ICsqj/momRbb9mh9ZUtkoJ5X3nTnPdhEJyc0qnM6yAsHBaA==

node-fetch@2.6.7:
  version "2.6.7"
  resolved "https://registry.yarnpkg.com/node-fetch/-/node-fetch-2.6.7.tgz#24de9fba827e3b4ae44dc8b20256a379160052ad"
  integrity sha512-ZjMPFEfVx5j+y2yF35Kzx5sF7kDzxuDj6ziH4FFbOp87zKDZNx8yExJIb05OGF4Nlt9IHFIMBkRl41VdvcNdbQ==
  dependencies:
    whatwg-url "^5.0.0"

sha3@^2.1.3:
  version "2.1.4"
  resolved "https://registry.yarnpkg.com/sha3/-/sha3-2.1.4.tgz#000fac0fe7c2feac1f48a25e7a31b52a6492cc8f"
  integrity sha512-S8cNxbyb0UGUM2VhRD4Poe5N58gJnJsLJ5vC7FYWGUmGhcsj4++WaIOBFVDxlG0W3To6xBuiRh+i0Qp2oNCOtg==
  dependencies:
    buffer "6.0.3"

tr46@~0.0.3:
  version "0.0.3"
  resolved "https://registry.yarnpkg.com/tr46/-/tr46-0.0.3.tgz#8184fd347dac9cdc185992f3a6622e14b9d9ab6a"
  integrity sha1-gYT9NH2snNwYWZLzpmIuFLnZq2o=

uuid@^8.3.0:
  version "8.3.2"
  resolved "https://registry.yarnpkg.com/uuid/-/uuid-8.3.2.tgz#80d5b5ced271bb9af6c445f21a1a04c606cefbe2"
  integrity sha512-+NYs2QeMWy+GWFOEm9xnn6HCDp0l7QBD7ml8zLUmJ+93Q5NF0NocErnwkTkXVFNiX3/fpC6afS8Dhb/gz7R7eg==

webidl-conversions@^3.0.0:
  version "3.0.1"
  resolved "https://registry.yarnpkg.com/webidl-conversions/-/webidl-conversions-3.0.1.tgz#24534275e2a7bc6be7bc86611cc16ae0a5654871"
  integrity sha1-JFNCdeKnvGvnvIZhHMFq4KVlSHE=

whatwg-url@^5.0.0:
  version "5.0.0"
  resolved "https://registry.yarnpkg.com/whatwg-url/-/whatwg-url-5.0.0.tgz#966454e8765462e37644d3626f6742ce8b70965d"
  integrity sha1-lmRU6HZUYuN2RNNib2dCzotwll0=
  dependencies:
    tr46 "~0.0.3"
    webidl-conversions "^3.0.0"
